
Microsoft Visual Studio Solution File, Format Version 12.00
Project("{FAE04EC0-301F-11D3-BF4B-00C04F79EFBC}") = "Schaakspel", "Schaakspel\Schaakspel.csproj", "{AA46DE0E-9E56-43E8-8565-8FCF838C0033}"
EndProject
Global
	GlobalSection(SolutionConfigurationPlatforms) = preSolution
		Debug|Any CPU = Debug|Any CPU
		Release|Any CPU = Release|Any CPU
	EndGlobalSection
	GlobalSection(ProjectConfigurationPlatforms) = postSolution
		{AA46DE0E-9E56-43E8-8565-8FCF838C0033}.Debug|Any CPU.ActiveCfg = Debug|Any CPU
		{AA46DE0E-9E56-43E8-8565-8FCF838C0033}.Debug|Any CPU.Build.0 = Debug|Any CPU
		{AA46DE0E-9E56-43E8-8565-8FCF838C0033}.Release|Any CPU.ActiveCfg = Release|Any CPU
		{AA46DE0E-9E56-43E8-8565-8FCF838C0033}.Release|Any CPU.Build.0 = Release|Any CPU
	EndGlobalSection
EndGlobal
